github.com/townsendmerino/aikit v1.7.0 h1:0dU7JUYMMjQe2BY7PWNSMOwwO644mICZBa4BttKEWKw=
github.com/townsendmerino/aikit v1.7.0/go.mod h1:UhgMEx0ow8/i5NAK9TUcJMtIQxrhHmGv4Xjg7DmsDDU=
github.com/townsendmerino/aikit v1.7.2 h1:5yFmlBAIA8Q77ux0XvvBhGyj1Vo5YdejDpFI2a0azSE=
github.com/townsendmerino/aikit v1.7.2/go.mod h1:UhgMEx0ow8/i5NAK9TUcJMtIQxrhHmGv4Xjg7DmsDDU=
golang.org/x/text v0.37.0 h1:Cqjiwd9eSg8e0QAkyCaQTNHFIIzWtidPahFWR83rTrc=
golang.org/x/text v0.37.0/go.mod h1:a5sjxXGs9hsn/AJVwuElvCAo9v8QYLzvavO5z2PiM38=
