github.com/ebitengine/purego v0.10.0 h1:QIw4xfpWT6GWTzaW5XEKy3HXoqrJGx1ijYHzTF0/ISU=
github.com/ebitengine/purego v0.10.0/go.mod h1:iIjxzd6CiRiOG0UyXP+V1+jWqUXVjPKLAI0mRfJZTmQ=
github.com/ebitengine/purego v0.10.1 h1:dewVBCBT2GaMu1SrNTYxQhgQBethzfhiwvZiLGP/qyY=
github.com/ebitengine/purego v0.10.1/go.mod h1:iIjxzd6CiRiOG0UyXP+V1+jWqUXVjPKLAI0mRfJZTmQ=
github.com/eitamring/gocudrv v0.2.0 h1:r3hmasqtIXXuRV7iOMlFh1f1TG+PeDN6z/TUuWcgQUE=
github.com/eitamring/gocudrv v0.2.0/go.mod h1:d4Fwpncjg5m1V1m5jr9bBIO8TuwWws/kUwM9gubpwfo=
github.com/eitamring/gocudrv v0.3.2 h1:zjRj3gRSfmbxbQkt1jXSTdGKHPwL1R912qovXnOPUlE=
github.com/eitamring/gocudrv v0.3.2/go.mod h1:nA+ytiB8A1YvVSHzBQbn+Be+BGR4gAGVIP+7chLn+O4=
github.com/townsendmerino/aikit v1.12.0 h1:Dyb+40iMOo0kuFN8UO/JCPyvi8WLKBK4qj2Id7/fCG0=
github.com/townsendmerino/aikit v1.12.0/go.mod h1:v3jliknZOOxCFxqas2MBWfQr4SPXH4JwOefZ0wgpnZE=
github.com/townsendmerino/aikit/gpu v0.1.1 h1:/U/+7z7Y3C1c8mSImi1zSoihz9csaXYCXB3WSJjr450=
github.com/townsendmerino/aikit/gpu v0.1.1/go.mod h1:jo62J1pESaWXzADfjWFiw8LyggIZ5RW1XTnRb+ZRw3w=
github.com/townsendmerino/aikit/gpu v0.3.1 h1:bOS5ukK9GoipOiSmOUVuK+NsL+lv4PFm/prCRXZE3DU=
github.com/townsendmerino/aikit/gpu v0.3.1/go.mod h1:y3sc0WYstLzS5KFQ969mlyGKe4KKdEEcyH6l4qaxDbA=
github.com/townsendmerino/aikit/gpu v0.22.0 h1:wp0+X5/IeX6l79cwER8AkHrkYYJbP89H1ZAq4Vx5BW0=
github.com/townsendmerino/aikit/gpu v0.22.0/go.mod h1:FgsA/EvrtR8jcGAtWLzKRHgSdpbB5q4PHmMReEfFBPA=
github.com/townsendmerino/aikit/gpu v0.23.0 h1:DRwJ/VIhjl/ZkiEtF4EGNWq7oiQjO3Cuht+V5yCZRDY=
github.com/townsendmerino/aikit/gpu v0.23.0/go.mod h1:FgsA/EvrtR8jcGAtWLzKRHgSdpbB5q4PHmMReEfFBPA=
golang.org/x/sys v0.47.0 h1:o7XGOvZQCADBQQ4Y7VNq2dRWQR7JmOUW8Kxx4ZsNgWs=
golang.org/x/sys v0.47.0/go.mod h1:4GL1E5IUh+htKOUEOaiffhrAeqysfVGipDYzABqnCmw=
golang.org/x/text v0.40.0 h1:Ub2Z6/xjgF1WrYQz2nuITOEegKFtiIy+rieRJ5lHZKs=
golang.org/x/text v0.40.0/go.mod h1:hpnzDAfGV753zIKo+wk3u1bVKCGPbrnF7+7LBF/UHVY=
