github.com/ebitengine/purego v0.10.1 h1:dewVBCBT2GaMu1SrNTYxQhgQBethzfhiwvZiLGP/qyY=
github.com/ebitengine/purego v0.10.1/go.mod h1:iIjxzd6CiRiOG0UyXP+V1+jWqUXVjPKLAI0mRfJZTmQ=
github.com/eitamring/gocudrv v0.3.2 h1:zjRj3gRSfmbxbQkt1jXSTdGKHPwL1R912qovXnOPUlE=
github.com/eitamring/gocudrv v0.3.2/go.mod h1:nA+ytiB8A1YvVSHzBQbn+Be+BGR4gAGVIP+7chLn+O4=
github.com/townsendmerino/aikit v1.28.0 h1:Tn0hkpXJUGHntac7iTdCS3L6+l1xXwCxi19rQpK1Ck4=
github.com/townsendmerino/aikit v1.28.0/go.mod h1:DCoyKC6l6F1CBt5SJSvX8UjktEKXsrln1MuNOSebam8=
github.com/townsendmerino/aikit/gpu v0.30.1 h1:0tnfnQeR3eALB2ZguA6EA0/BLVQ8pGUFrQ3E4MMySNw=
github.com/townsendmerino/aikit/gpu v0.30.1/go.mod h1:5BoeTW/VGltnAT3zB/lhZPFDxjZBh+tMF+FFhHE8Fn0=
github.com/townsendmerino/aikit/gpu v0.31.0 h1:eotYaOCJU4dQ4yVbjb6a9V7P0Ic3uQetfLdFX6EAxlU=
github.com/townsendmerino/aikit/gpu v0.31.0/go.mod h1:5BoeTW/VGltnAT3zB/lhZPFDxjZBh+tMF+FFhHE8Fn0=
github.com/townsendmerino/goinfer v0.15.0 h1:dcwtk98QG9KtgQl43K3HkaAyuh7gCXQNrOkWQWE3WRg=
github.com/townsendmerino/goinfer v0.15.0/go.mod h1:BI4dOhyHiB0PB3VFvV7Olp+uAhcSeVTMxDEqInDfvvk=
go.uber.org/goleak v1.3.0 h1:2K3zAYmnTNqV73imy9J1T3WC+gmCePx2hEGkimedGto=
go.uber.org/goleak v1.3.0/go.mod h1:CoHD4mav9JJNrW/WLlf7HGZPjdw8EucARQHekz1X6bE=
golang.org/x/sys v0.47.0 h1:o7XGOvZQCADBQQ4Y7VNq2dRWQR7JmOUW8Kxx4ZsNgWs=
golang.org/x/sys v0.47.0/go.mod h1:4GL1E5IUh+htKOUEOaiffhrAeqysfVGipDYzABqnCmw=
golang.org/x/text v0.40.0 h1:Ub2Z6/xjgF1WrYQz2nuITOEegKFtiIy+rieRJ5lHZKs=
golang.org/x/text v0.40.0/go.mod h1:hpnzDAfGV753zIKo+wk3u1bVKCGPbrnF7+7LBF/UHVY=
