github.com/ebitengine/purego v0.10.1 h1:dewVBCBT2GaMu1SrNTYxQhgQBethzfhiwvZiLGP/qyY=
github.com/ebitengine/purego v0.10.1/go.mod h1:iIjxzd6CiRiOG0UyXP+V1+jWqUXVjPKLAI0mRfJZTmQ=
github.com/eitamring/gocudrv v0.3.2 h1:zjRj3gRSfmbxbQkt1jXSTdGKHPwL1R912qovXnOPUlE=
github.com/eitamring/gocudrv v0.3.2/go.mod h1:nA+ytiB8A1YvVSHzBQbn+Be+BGR4gAGVIP+7chLn+O4=
github.com/townsendmerino/aikit v1.57.0 h1:9bVyYcNf3assIy6hff/Gwg6cLCYQLAnSvhn0rdJ/w/k=
github.com/townsendmerino/aikit v1.57.0/go.mod h1:DCoyKC6l6F1CBt5SJSvX8UjktEKXsrln1MuNOSebam8=
github.com/townsendmerino/aikit v1.58.0 h1:lcYzqyyJKqJ/REXpvHx95aMv0wN9/Zm1Un/oMSZZ79o=
github.com/townsendmerino/aikit v1.58.0/go.mod h1:DCoyKC6l6F1CBt5SJSvX8UjktEKXsrln1MuNOSebam8=
github.com/townsendmerino/aikit v1.59.0 h1:gqCidd5BeshM9xE2BvBgGnGwGahv9rWrvySO5ekAUz4=
github.com/townsendmerino/aikit v1.59.0/go.mod h1:DCoyKC6l6F1CBt5SJSvX8UjktEKXsrln1MuNOSebam8=
github.com/townsendmerino/aikit/gpu v0.33.5 h1:25cPfdw0nGjtSwEV/iaRZMYrKd0o/ShsYXMrg01CCS0=
github.com/townsendmerino/aikit/gpu v0.33.5/go.mod h1:5BoeTW/VGltnAT3zB/lhZPFDxjZBh+tMF+FFhHE8Fn0=
github.com/townsendmerino/aikit/gpu/qwencuda v0.1.1 h1:T19uZXZp78PSqDqhgXmCZbB0ANoMdwIWkXi5dSI7XZQ=
github.com/townsendmerino/aikit/gpu/qwencuda v0.1.1/go.mod h1:9prtM6EKQ47APZQCpLXD9pZ9p3mK8bgnHSLHeC1/FoY=
github.com/townsendmerino/goinfer v0.22.0 h1:/p5BkfewnCxR0ABKZ3EQ2EGdjCrjfFfRmZTWaPriTq4=
github.com/townsendmerino/goinfer v0.22.0/go.mod h1:GoDnQkbzz+rycZWq36RPqRuqzAn4ni2q603Y4EhN0UM=
go.uber.org/goleak v1.3.0 h1:2K3zAYmnTNqV73imy9J1T3WC+gmCePx2hEGkimedGto=
go.uber.org/goleak v1.3.0/go.mod h1:CoHD4mav9JJNrW/WLlf7HGZPjdw8EucARQHekz1X6bE=
golang.org/x/sys v0.47.0 h1:o7XGOvZQCADBQQ4Y7VNq2dRWQR7JmOUW8Kxx4ZsNgWs=
golang.org/x/sys v0.47.0/go.mod h1:4GL1E5IUh+htKOUEOaiffhrAeqysfVGipDYzABqnCmw=
golang.org/x/text v0.40.0 h1:Ub2Z6/xjgF1WrYQz2nuITOEegKFtiIy+rieRJ5lHZKs=
golang.org/x/text v0.40.0/go.mod h1:hpnzDAfGV753zIKo+wk3u1bVKCGPbrnF7+7LBF/UHVY=
